
Microsoft Visual Studio Solution File, Format Version 12.00
# Visual Studio 15
VisualStudioVersion = 15.0.27130.2010
MinimumVisualStudioVersion = 10.0.40219.1
Project("{FAE04EC0-301F-11D3-BF4B-00C04F79EFBC}") = "StartingApp", "StartingApp\StartingApp.csproj", "{AFFE80A2-DEC6-4FC7-8F3E-D01027FB0C99}"
EndProject
Global
	GlobalSection(SolutionConfigurationPlatforms) = preSolution
		Debug|Any CPU = Debug|Any CPU
		Release|Any CPU = Release|Any CPU
	EndGlobalSection
	GlobalSection(ProjectConfigurationPlatforms) = postSolution
		{AFFE80A2-DEC6-4FC7-8F3E-D01027FB0C99}.Debug|Any CPU.ActiveCfg = Debug|Any CPU
		{AFFE80A2-DEC6-4FC7-8F3E-D01027FB0C99}.Debug|Any CPU.Build.0 = Debug|Any CPU
		{AFFE80A2-DEC6-4FC7-8F3E-D01027FB0C99}.Release|Any CPU.ActiveCfg = Release|Any CPU
		{AFFE80A2-DEC6-4FC7-8F3E-D01027FB0C99}.Release|Any CPU.Build.0 = Release|Any CPU
	EndGlobalSection
	GlobalSection(SolutionProperties) = preSolution
		HideSolutionNode = FALSE
	EndGlobalSection
	GlobalSection(ExtensibilityGlobals) = postSolution
		SolutionGuid = {684ED9D2-13F9-4A28-B37D-20ED80818944}
	EndGlobalSection
EndGlobal
